
Microsoft Visual Studio Solution File, Format Version 12.00
# Visual Studio 15
VisualStudioVersion = 15.0.26730.16
MinimumVisualStudioVersion = 10.0.40219.1
Project("{FAE04EC0-301F-11D3-BF4B-00C04F79EFBC}") = "EFGetStartedAspNetExistingDb", "EFGetStartedAspNetExistingDb\EFGetStartedAspNetExistingDb.csproj", "{3903CECB-3780-41CC-969A-61FE5BC8EA2E}"
EndProject
Global
	GlobalSection(SolutionConfigurationPlatforms) = preSolution
		Debug|Any CPU = Debug|Any CPU
		Release|Any CPU = Release|Any CPU
	EndGlobalSection
	GlobalSection(ProjectConfigurationPlatforms) = postSolution
		{3903CECB-3780-41CC-969A-61FE5BC8EA2E}.Debug|Any CPU.ActiveCfg = Debug|Any CPU
		{3903CECB-3780-41CC-969A-61FE5BC8EA2E}.Debug|Any CPU.Build.0 = Debug|Any CPU
		{3903CECB-3780-41CC-969A-61FE5BC8EA2E}.Release|Any CPU.ActiveCfg = Release|Any CPU
		{3903CECB-3780-41CC-969A-61FE5BC8EA2E}.Release|Any CPU.Build.0 = Release|Any CPU
	EndGlobalSection
	GlobalSection(SolutionProperties) = preSolution
		HideSolutionNode = FALSE
	EndGlobalSection
	GlobalSection(ExtensibilityGlobals) = postSolution
		SolutionGuid = {FC3879D9-4620-4405-BB8E-43D53C5D0131}
	EndGlobalSection
EndGlobal
